
Microsoft Visual Studio Solution File, Format Version 12.00
# Visual Studio Version 17
VisualStudioVersion = 17.2.32526.322
MinimumVisualStudioVersion = 10.0.40219.1
Project("{F184B08F-C81C-45F6-A57F-5ABD9991F28F}") = "Wii U IMG Tool", "Wii U IMG Tool.vbproj", "{92333EAD-B1C7-4A65-93B3-EAB60AA06CEA}"
EndProject
Global
	GlobalSection(SolutionConfigurationPlatforms) = preSolution
		Debug|Any CPU = Debug|Any CPU
		Release|Any CPU = Release|Any CPU
	EndGlobalSection
	GlobalSection(ProjectConfigurationPlatforms) = postSolution
		{92333EAD-B1C7-4A65-93B3-EAB60AA06CEA}.Debug|Any CPU.ActiveCfg = Debug|Any CPU
		{92333EAD-B1C7-4A65-93B3-EAB60AA06CEA}.Debug|Any CPU.Build.0 = Debug|Any CPU
		{92333EAD-B1C7-4A65-93B3-EAB60AA06CEA}.Release|Any CPU.ActiveCfg = Release|Any CPU
		{92333EAD-B1C7-4A65-93B3-EAB60AA06CEA}.Release|Any CPU.Build.0 = Release|Any CPU
	EndGlobalSection
	GlobalSection(SolutionProperties) = preSolution
		HideSolutionNode = FALSE
	EndGlobalSection
	GlobalSection(ExtensibilityGlobals) = postSolution
		SolutionGuid = {3F2006BE-EE65-4111-8442-FADB7D96F546}
	EndGlobalSection
EndGlobal
